
Microsoft Visual Studio Solution File, Format Version 12.00
# Visual Studio Version 16
VisualStudioVersion = 16.0.30406.217
MinimumVisualStudioVersion = 10.0.40219.1
Project("{FAE04EC0-301F-11D3-BF4B-00C04F79EFBC}") = "GenericRepository", "ClassLibrary1\GenericRepository.csproj", "{FE6A7F06-21B6-4D8A-A1C6-016369F0F199}"
EndProject
Project("{FAE04EC0-301F-11D3-BF4B-00C04F79EFBC}") = "Domain", "Domain\Domain.csproj", "{13FBBC1A-2A43-44B0-AC71-6C990C5167F8}"
EndProject
Project("{FAE04EC0-301F-11D3-BF4B-00C04F79EFBC}") = "Data", "Data\Data.csproj", "{953B2102-D435-4222-9358-84C9CA9B15E2}"
EndProject
Global
	GlobalSection(SolutionConfigurationPlatforms) = preSolution
		Debug|Any CPU = Debug|Any CPU
		Release|Any CPU = Release|Any CPU
	EndGlobalSection
	GlobalSection(ProjectConfigurationPlatforms) = postSolution
		{FE6A7F06-21B6-4D8A-A1C6-016369F0F199}.Debug|Any CPU.ActiveCfg = Debug|Any CPU
		{FE6A7F06-21B6-4D8A-A1C6-016369F0F199}.Debug|Any CPU.Build.0 = Debug|Any CPU
		{FE6A7F06-21B6-4D8A-A1C6-016369F0F199}.Release|Any CPU.ActiveCfg = Release|Any CPU
		{FE6A7F06-21B6-4D8A-A1C6-016369F0F199}.Release|Any CPU.Build.0 = Release|Any CPU
		{13FBBC1A-2A43-44B0-AC71-6C990C5167F8}.Debug|Any CPU.ActiveCfg = Debug|Any CPU
		{13FBBC1A-2A43-44B0-AC71-6C990C5167F8}.Debug|Any CPU.Build.0 = Debug|Any CPU
		{13FBBC1A-2A43-44B0-AC71-6C990C5167F8}.Release|Any CPU.ActiveCfg = Release|Any CPU
		{13FBBC1A-2A43-44B0-AC71-6C990C5167F8}.Release|Any CPU.Build.0 = Release|Any CPU
		{953B2102-D435-4222-9358-84C9CA9B15E2}.Debug|Any CPU.ActiveCfg = Debug|Any CPU
		{953B2102-D435-4222-9358-84C9CA9B15E2}.Debug|Any CPU.Build.0 = Debug|Any CPU
		{953B2102-D435-4222-9358-84C9CA9B15E2}.Release|Any CPU.ActiveCfg = Release|Any CPU
		{953B2102-D435-4222-9358-84C9CA9B15E2}.Release|Any CPU.Build.0 = Release|Any CPU
	EndGlobalSection
	GlobalSection(SolutionProperties) = preSolution
		HideSolutionNode = FALSE
	EndGlobalSection
	GlobalSection(ExtensibilityGlobals) = postSolution
		SolutionGuid = {5812D28C-6C08-402A-A166-15B99097C62B}
	EndGlobalSection
EndGlobal
